
Microsoft Visual Studio Solution File, Format Version 12.00
# Visual Studio Version 17
VisualStudioVersion = 17.6.33712.159
MinimumVisualStudioVersion = 10.0.40219.1
Project("{FAE04EC0-301F-11D3-BF4B-00C04F79EFBC}") = "16.04", "16.04\16.04.csproj", "{A1C52C7A-4ABC-4287-A856-3D83EEABDDFD}"
EndProject
Project("{FAE04EC0-301F-11D3-BF4B-00C04F79EFBC}") = "16.04.02", "16.04.02\16.04.02.csproj", "{6A3BE8E4-7151-4E81-AE7B-011B59FCBF4C}"
EndProject
Project("{FAE04EC0-301F-11D3-BF4B-00C04F79EFBC}") = "16.04.03", "16.04.03\16.04.03.csproj", "{0BB73D9A-934A-47FC-BDA7-BA1560785FE0}"
EndProject
Project("{FAE04EC0-301F-11D3-BF4B-00C04F79EFBC}") = "16.04.04", "16.04.04\16.04.04.csproj", "{15E9FED3-6783-4224-86AC-B0301EDE54F7}"
EndProject
Project("{FAE04EC0-301F-11D3-BF4B-00C04F79EFBC}") = "16.04.05", "16.04.05\16.04.05.csproj", "{2E692C48-4D70-4D3D-B583-2A9EFDF37EB9}"
EndProject
Global
	GlobalSection(SolutionConfigurationPlatforms) = preSolution
		Debug|Any CPU = Debug|Any CPU
		Release|Any CPU = Release|Any CPU
	EndGlobalSection
	GlobalSection(ProjectConfigurationPlatforms) = postSolution
		{A1C52C7A-4ABC-4287-A856-3D83EEABDDFD}.Debug|Any CPU.ActiveCfg = Debug|Any CPU
		{A1C52C7A-4ABC-4287-A856-3D83EEABDDFD}.Debug|Any CPU.Build.0 = Debug|Any CPU
		{A1C52C7A-4ABC-4287-A856-3D83EEABDDFD}.Release|Any CPU.ActiveCfg = Release|Any CPU
		{A1C52C7A-4ABC-4287-A856-3D83EEABDDFD}.Release|Any CPU.Build.0 = Release|Any CPU
		{6A3BE8E4-7151-4E81-AE7B-011B59FCBF4C}.Debug|Any CPU.ActiveCfg = Debug|Any CPU
		{6A3BE8E4-7151-4E81-AE7B-011B59FCBF4C}.Debug|Any CPU.Build.0 = Debug|Any CPU
		{6A3BE8E4-7151-4E81-AE7B-011B59FCBF4C}.Release|Any CPU.ActiveCfg = Release|Any CPU
		{6A3BE8E4-7151-4E81-AE7B-011B59FCBF4C}.Release|Any CPU.Build.0 = Release|Any CPU
		{0BB73D9A-934A-47FC-BDA7-BA1560785FE0}.Debug|Any CPU.ActiveCfg = Debug|Any CPU
		{0BB73D9A-934A-47FC-BDA7-BA1560785FE0}.Debug|Any CPU.Build.0 = Debug|Any CPU
		{0BB73D9A-934A-47FC-BDA7-BA1560785FE0}.Release|Any CPU.ActiveCfg = Release|Any CPU
		{0BB73D9A-934A-47FC-BDA7-BA1560785FE0}.Release|Any CPU.Build.0 = Release|Any CPU
		{15E9FED3-6783-4224-86AC-B0301EDE54F7}.Debug|Any CPU.ActiveCfg = Debug|Any CPU
		{15E9FED3-6783-4224-86AC-B0301EDE54F7}.Debug|Any CPU.Build.0 = Debug|Any CPU
		{15E9FED3-6783-4224-86AC-B0301EDE54F7}.Release|Any CPU.ActiveCfg = Release|Any CPU
		{15E9FED3-6783-4224-86AC-B0301EDE54F7}.Release|Any CPU.Build.0 = Release|Any CPU
		{2E692C48-4D70-4D3D-B583-2A9EFDF37EB9}.Debug|Any CPU.ActiveCfg = Debug|Any CPU
		{2E692C48-4D70-4D3D-B583-2A9EFDF37EB9}.Debug|Any CPU.Build.0 = Debug|Any CPU
		{2E692C48-4D70-4D3D-B583-2A9EFDF37EB9}.Release|Any CPU.ActiveCfg = Release|Any CPU
		{2E692C48-4D70-4D3D-B583-2A9EFDF37EB9}.Release|Any CPU.Build.0 = Release|Any CPU
	EndGlobalSection
	GlobalSection(SolutionProperties) = preSolution
		HideSolutionNode = FALSE
	EndGlobalSection
	GlobalSection(ExtensibilityGlobals) = postSolution
		SolutionGuid = {FA81B5FF-8907-4C91-A5DF-469E8D54C53D}
	EndGlobalSection
EndGlobal
